
Microsoft Visual Studio Solution File, Format Version 12.00
# Visual Studio Version 17
VisualStudioVersion = 17.0.31903.59
MinimumVisualStudioVersion = 10.0.40219.1
Project("{2150E333-8FDC-42A3-9474-1A3956D46DE8}") = "src", "src", "{827E0CD3-B72D-47B6-A68D-7590B98EB39B}"
EndProject
Project("{FAE04EC0-301F-11D3-BF4B-00C04F79EFBC}") = "BeachBot.Core", "src\BeachBot.Core\BeachBot.Core.csproj", "{D99BCCFD-D6A9-4061-8FD9-EC95BB8428F6}"
EndProject
Project("{FAE04EC0-301F-11D3-BF4B-00C04F79EFBC}") = "BeachBot.Api", "src\BeachBot.Api\BeachBot.Api.csproj", "{B2A8F45A-1598-496B-B677-58366E3EDC4B}"
EndProject
Project("{FAE04EC0-301F-11D3-BF4B-00C04F79EFBC}") = "BeachBot.Application", "src\BeachBot.Application\BeachBot.Application.csproj", "{3077E8B1-E193-4C78-AC50-511B27BAA2D7}"
EndProject
Project("{FAE04EC0-301F-11D3-BF4B-00C04F79EFBC}") = "BeachBot.Desktop", "src\BeachBot.Desktop\BeachBot.Desktop.csproj", "{8EC2BF56-4613-42E0-989B-EBC9952500F9}"
EndProject
Project("{FAE04EC0-301F-11D3-BF4B-00C04F79EFBC}") = "BeachBot.Tests", "tests\BeachBot.Tests\BeachBot.Tests.csproj", "{0704B690-B6D5-4725-98AB-4B46C7853A0A}"
EndProject
Global
	GlobalSection(SolutionConfigurationPlatforms) = preSolution
		Debug|Any CPU = Debug|Any CPU
		Debug|x64 = Debug|x64
		Debug|x86 = Debug|x86
		Release|Any CPU = Release|Any CPU
		Release|x64 = Release|x64
		Release|x86 = Release|x86
	EndGlobalSection
	GlobalSection(ProjectConfigurationPlatforms) = postSolution
		{D99BCCFD-D6A9-4061-8FD9-EC95BB8428F6}.Debug|Any CPU.ActiveCfg = Debug|Any CPU
		{D99BCCFD-D6A9-4061-8FD9-EC95BB8428F6}.Debug|Any CPU.Build.0 = Debug|Any CPU
		{D99BCCFD-D6A9-4061-8FD9-EC95BB8428F6}.Debug|x64.ActiveCfg = Debug|Any CPU
		{D99BCCFD-D6A9-4061-8FD9-EC95BB8428F6}.Debug|x64.Build.0 = Debug|Any CPU
		{D99BCCFD-D6A9-4061-8FD9-EC95BB8428F6}.Debug|x86.ActiveCfg = Debug|Any CPU
		{D99BCCFD-D6A9-4061-8FD9-EC95BB8428F6}.Debug|x86.Build.0 = Debug|Any CPU
		{D99BCCFD-D6A9-4061-8FD9-EC95BB8428F6}.Release|Any CPU.ActiveCfg = Release|Any CPU
		{D99BCCFD-D6A9-4061-8FD9-EC95BB8428F6}.Release|Any CPU.Build.0 = Release|Any CPU
		{D99BCCFD-D6A9-4061-8FD9-EC95BB8428F6}.Release|x64.ActiveCfg = Release|Any CPU
		{D99BCCFD-D6A9-4061-8FD9-EC95BB8428F6}.Release|x64.Build.0 = Release|Any CPU
		{D99BCCFD-D6A9-4061-8FD9-EC95BB8428F6}.Release|x86.ActiveCfg = Release|Any CPU
		{D99BCCFD-D6A9-4061-8FD9-EC95BB8428F6}.Release|x86.Build.0 = Release|Any CPU
		{B2A8F45A-1598-496B-B677-58366E3EDC4B}.Debug|Any CPU.ActiveCfg = Debug|Any CPU
		{B2A8F45A-1598-496B-B677-58366E3EDC4B}.Debug|Any CPU.Build.0 = Debug|Any CPU
		{B2A8F45A-1598-496B-B677-58366E3EDC4B}.Debug|x64.ActiveCfg = Debug|Any CPU
		{B2A8F45A-1598-496B-B677-58366E3EDC4B}.Debug|x64.Build.0 = Debug|Any CPU
		{B2A8F45A-1598-496B-B677-58366E3EDC4B}.Debug|x86.ActiveCfg = Debug|Any CPU
		{B2A8F45A-1598-496B-B677-58366E3EDC4B}.Debug|x86.Build.0 = Debug|Any CPU
		{B2A8F45A-1598-496B-B677-58366E3EDC4B}.Release|Any CPU.ActiveCfg = Release|Any CPU
		{B2A8F45A-1598-496B-B677-58366E3EDC4B}.Release|Any CPU.Build.0 = Release|Any CPU
		{B2A8F45A-1598-496B-B677-58366E3EDC4B}.Release|x64.ActiveCfg = Release|Any CPU
		{B2A8F45A-1598-496B-B677-58366E3EDC4B}.Release|x64.Build.0 = Release|Any CPU
		{B2A8F45A-1598-496B-B677-58366E3EDC4B}.Release|x86.ActiveCfg = Release|Any CPU
		{B2A8F45A-1598-496B-B677-58366E3EDC4B}.Release|x86.Build.0 = Release|Any CPU
		{3077E8B1-E193-4C78-AC50-511B27BAA2D7}.Debug|Any CPU.ActiveCfg = Debug|Any CPU
		{3077E8B1-E193-4C78-AC50-511B27BAA2D7}.Debug|Any CPU.Build.0 = Debug|Any CPU
		{3077E8B1-E193-4C78-AC50-511B27BAA2D7}.Debug|x64.ActiveCfg = Debug|Any CPU
		{3077E8B1-E193-4C78-AC50-511B27BAA2D7}.Debug|x64.Build.0 = Debug|Any CPU
		{3077E8B1-E193-4C78-AC50-511B27BAA2D7}.Debug|x86.ActiveCfg = Debug|Any CPU
		{3077E8B1-E193-4C78-AC50-511B27BAA2D7}.Debug|x86.Build.0 = Debug|Any CPU
		{3077E8B1-E193-4C78-AC50-511B27BAA2D7}.Release|Any CPU.ActiveCfg = Release|Any CPU
		{3077E8B1-E193-4C78-AC50-511B27BAA2D7}.Release|Any CPU.Build.0 = Release|Any CPU
		{3077E8B1-E193-4C78-AC50-511B27BAA2D7}.Release|x64.ActiveCfg = Release|Any CPU
		{3077E8B1-E193-4C78-AC50-511B27BAA2D7}.Release|x64.Build.0 = Release|Any CPU
		{3077E8B1-E193-4C78-AC50-511B27BAA2D7}.Release|x86.ActiveCfg = Release|Any CPU
		{3077E8B1-E193-4C78-AC50-511B27BAA2D7}.Release|x86.Build.0 = Release|Any CPU
		{8EC2BF56-4613-42E0-989B-EBC9952500F9}.Debug|Any CPU.ActiveCfg = Debug|Any CPU
		{8EC2BF56-4613-42E0-989B-EBC9952500F9}.Debug|Any CPU.Build.0 = Debug|Any CPU
		{8EC2BF56-4613-42E0-989B-EBC9952500F9}.Debug|x64.ActiveCfg = Debug|Any CPU
		{8EC2BF56-4613-42E0-989B-EBC9952500F9}.Debug|x64.Build.0 = Debug|Any CPU
		{8EC2BF56-4613-42E0-989B-EBC9952500F9}.Debug|x86.ActiveCfg = Debug|Any CPU
		{8EC2BF56-4613-42E0-989B-EBC9952500F9}.Debug|x86.Build.0 = Debug|Any CPU
		{8EC2BF56-4613-42E0-989B-EBC9952500F9}.Release|Any CPU.ActiveCfg = Release|Any CPU
		{8EC2BF56-4613-42E0-989B-EBC9952500F9}.Release|Any CPU.Build.0 = Release|Any CPU
		{8EC2BF56-4613-42E0-989B-EBC9952500F9}.Release|x64.ActiveCfg = Release|Any CPU
		{8EC2BF56-4613-42E0-989B-EBC9952500F9}.Release|x64.Build.0 = Release|Any CPU
		{8EC2BF56-4613-42E0-989B-EBC9952500F9}.Release|x86.ActiveCfg = Release|Any CPU
		{8EC2BF56-4613-42E0-989B-EBC9952500F9}.Release|x86.Build.0 = Release|Any CPU
		{0704B690-B6D5-4725-98AB-4B46C7853A0A}.Debug|Any CPU.ActiveCfg = Debug|Any CPU
		{0704B690-B6D5-4725-98AB-4B46C7853A0A}.Debug|Any CPU.Build.0 = Debug|Any CPU
		{0704B690-B6D5-4725-98AB-4B46C7853A0A}.Debug|x64.ActiveCfg = Debug|Any CPU
		{0704B690-B6D5-4725-98AB-4B46C7853A0A}.Debug|x64.Build.0 = Debug|Any CPU
		{0704B690-B6D5-4725-98AB-4B46C7853A0A}.Debug|x86.ActiveCfg = Debug|Any CPU
		{0704B690-B6D5-4725-98AB-4B46C7853A0A}.Debug|x86.Build.0 = Debug|Any CPU
		{0704B690-B6D5-4725-98AB-4B46C7853A0A}.Release|Any CPU.ActiveCfg = Release|Any CPU
		{0704B690-B6D5-4725-98AB-4B46C7853A0A}.Release|Any CPU.Build.0 = Release|Any CPU
		{0704B690-B6D5-4725-98AB-4B46C7853A0A}.Release|x64.ActiveCfg = Release|Any CPU
		{0704B690-B6D5-4725-98AB-4B46C7853A0A}.Release|x64.Build.0 = Release|Any CPU
		{0704B690-B6D5-4725-98AB-4B46C7853A0A}.Release|x86.ActiveCfg = Release|Any CPU
		{0704B690-B6D5-4725-98AB-4B46C7853A0A}.Release|x86.Build.0 = Release|Any CPU
	EndGlobalSection
	GlobalSection(SolutionProperties) = preSolution
		HideSolutionNode = FALSE
	EndGlobalSection
	GlobalSection(NestedProjects) = preSolution
		{D99BCCFD-D6A9-4061-8FD9-EC95BB8428F6} = {827E0CD3-B72D-47B6-A68D-7590B98EB39B}
		{B2A8F45A-1598-496B-B677-58366E3EDC4B} = {827E0CD3-B72D-47B6-A68D-7590B98EB39B}
		{3077E8B1-E193-4C78-AC50-511B27BAA2D7} = {827E0CD3-B72D-47B6-A68D-7590B98EB39B}
		{8EC2BF56-4613-42E0-989B-EBC9952500F9} = {827E0CD3-B72D-47B6-A68D-7590B98EB39B}
		{0704B690-B6D5-4725-98AB-4B46C7853A0A} = {827E0CD3-B72D-47B6-A68D-7590B98EB39B}
	EndGlobalSection
EndGlobal
